
Microsoft Visual Studio Solution File, Format Version 12.00
# Visual Studio Version 16
VisualStudioVersion = 16.0.31613.86
MinimumVisualStudioVersion = 10.0.40219.1
Project("{9A19103F-16F7-4668-BE54-9A1E7A4F7556}") = "CompanyEmployees", "CompanyEmployees\CompanyEmployees.csproj", "{59B88D42-579F-4250-A58F-909D9227B3B8}"
EndProject
Project("{9A19103F-16F7-4668-BE54-9A1E7A4F7556}") = "Contracts", "Contracts\Contracts.csproj", "{48CE3A8E-1BF1-4322-8008-A97074D4D25F}"
EndProject
Project("{9A19103F-16F7-4668-BE54-9A1E7A4F7556}") = "LoggerService", "LoggerService\LoggerService.csproj", "{A758C95A-A3F7-48B5-934C-497212701B13}"
EndProject
Project("{9A19103F-16F7-4668-BE54-9A1E7A4F7556}") = "Entities", "Entities\Entities.csproj", "{656410F7-981F-4970-8BC0-DF06E9888763}"
EndProject
Project("{9A19103F-16F7-4668-BE54-9A1E7A4F7556}") = "Repository", "Repository\Repository.csproj", "{E12B2821-029A-476D-968D-C89E80D54C08}"
EndProject
Project("{FAE04EC0-301F-11D3-BF4B-00C04F79EFBC}") = "CompanyEmployeeTests", "CompanyEmployeeTests\CompanyEmployeeTests.csproj", "{7EE43AFB-C153-49A0-9B47-C4D2C545D1D0}"
EndProject
Global
	GlobalSection(SolutionConfigurationPlatforms) = preSolution
		Debug|Any CPU = Debug|Any CPU
		Release|Any CPU = Release|Any CPU
	EndGlobalSection
	GlobalSection(ProjectConfigurationPlatforms) = postSolution
		{59B88D42-579F-4250-A58F-909D9227B3B8}.Debug|Any CPU.ActiveCfg = Debug|Any CPU
		{59B88D42-579F-4250-A58F-909D9227B3B8}.Debug|Any CPU.Build.0 = Debug|Any CPU
		{59B88D42-579F-4250-A58F-909D9227B3B8}.Release|Any CPU.ActiveCfg = Release|Any CPU
		{59B88D42-579F-4250-A58F-909D9227B3B8}.Release|Any CPU.Build.0 = Release|Any CPU
		{48CE3A8E-1BF1-4322-8008-A97074D4D25F}.Debug|Any CPU.ActiveCfg = Debug|Any CPU
		{48CE3A8E-1BF1-4322-8008-A97074D4D25F}.Debug|Any CPU.Build.0 = Debug|Any CPU
		{48CE3A8E-1BF1-4322-8008-A97074D4D25F}.Release|Any CPU.ActiveCfg = Release|Any CPU
		{48CE3A8E-1BF1-4322-8008-A97074D4D25F}.Release|Any CPU.Build.0 = Release|Any CPU
		{A758C95A-A3F7-48B5-934C-497212701B13}.Debug|Any CPU.ActiveCfg = Debug|Any CPU
		{A758C95A-A3F7-48B5-934C-497212701B13}.Debug|Any CPU.Build.0 = Debug|Any CPU
		{A758C95A-A3F7-48B5-934C-497212701B13}.Release|Any CPU.ActiveCfg = Release|Any CPU
		{A758C95A-A3F7-48B5-934C-497212701B13}.Release|Any CPU.Build.0 = Release|Any CPU
		{656410F7-981F-4970-8BC0-DF06E9888763}.Debug|Any CPU.ActiveCfg = Debug|Any CPU
		{656410F7-981F-4970-8BC0-DF06E9888763}.Debug|Any CPU.Build.0 = Debug|Any CPU
		{656410F7-981F-4970-8BC0-DF06E9888763}.Release|Any CPU.ActiveCfg = Release|Any CPU
		{656410F7-981F-4970-8BC0-DF06E9888763}.Release|Any CPU.Build.0 = Release|Any CPU
		{E12B2821-029A-476D-968D-C89E80D54C08}.Debug|Any CPU.ActiveCfg = Debug|Any CPU
		{E12B2821-029A-476D-968D-C89E80D54C08}.Debug|Any CPU.Build.0 = Debug|Any CPU
		{E12B2821-029A-476D-968D-C89E80D54C08}.Release|Any CPU.ActiveCfg = Release|Any CPU
		{E12B2821-029A-476D-968D-C89E80D54C08}.Release|Any CPU.Build.0 = Release|Any CPU
		{7EE43AFB-C153-49A0-9B47-C4D2C545D1D0}.Debug|Any CPU.ActiveCfg = Debug|Any CPU
		{7EE43AFB-C153-49A0-9B47-C4D2C545D1D0}.Debug|Any CPU.Build.0 = Debug|Any CPU
		{7EE43AFB-C153-49A0-9B47-C4D2C545D1D0}.Release|Any CPU.ActiveCfg = Release|Any CPU
		{7EE43AFB-C153-49A0-9B47-C4D2C545D1D0}.Release|Any CPU.Build.0 = Release|Any CPU
	EndGlobalSection
	GlobalSection(SolutionProperties) = preSolution
		HideSolutionNode = FALSE
	EndGlobalSection
	GlobalSection(ExtensibilityGlobals) = postSolution
		SolutionGuid = {90E83A23-7BC5-43CC-B4A2-08DD8D2E084B}
	EndGlobalSection
EndGlobal
